
Microsoft Visual Studio Solution File, Format Version 12.00
# Visual Studio Version 17
VisualStudioVersion = 17.10.35122.118
MinimumVisualStudioVersion = 10.0.40219.1
Project("{FAE04EC0-301F-11D3-BF4B-00C04F79EFBC}") = "BasicCsharpExercises", "BasicCsharpExercises.csproj", "{5406D47B-EB48-464C-93FA-14DA2C1BA0A2}"
EndProject
Global
	GlobalSection(SolutionConfigurationPlatforms) = preSolution
		Debug|Any CPU = Debug|Any CPU
		Release|Any CPU = Release|Any CPU
	EndGlobalSection
	GlobalSection(ProjectConfigurationPlatforms) = postSolution
		{5406D47B-EB48-464C-93FA-14DA2C1BA0A2}.Debug|Any CPU.ActiveCfg = Debug|Any CPU
		{5406D47B-EB48-464C-93FA-14DA2C1BA0A2}.Debug|Any CPU.Build.0 = Debug|Any CPU
		{5406D47B-EB48-464C-93FA-14DA2C1BA0A2}.Release|Any CPU.ActiveCfg = Release|Any CPU
		{5406D47B-EB48-464C-93FA-14DA2C1BA0A2}.Release|Any CPU.Build.0 = Release|Any CPU
	EndGlobalSection
	GlobalSection(SolutionProperties) = preSolution
		HideSolutionNode = FALSE
	EndGlobalSection
	GlobalSection(ExtensibilityGlobals) = postSolution
		SolutionGuid = {E866653B-B759-44D5-82D3-3BE798C0C422}
	EndGlobalSection
EndGlobal
